
Microsoft Visual Studio Solution File, Format Version 12.00
# Visual Studio Version 17
VisualStudioVersion = 17.12.35527.113
MinimumVisualStudioVersion = 10.0.40219.1
Project("{FAE04EC0-301F-11D3-BF4B-00C04F79EFBC}") = "Collections", "Collections\Collections.csproj", "{A4465F5C-A29B-443C-B366-EB3C34263A20}"
EndProject
Project("{FAE04EC0-301F-11D3-BF4B-00C04F79EFBC}") = "20250102_task2", "20250102_task2\20250102_task2.csproj", "{DDA9A7EA-23EC-4FB1-B7E1-316B1202260D}"
EndProject
Project("{FAE04EC0-301F-11D3-BF4B-00C04F79EFBC}") = "20250102_task3", "20250102_task3\20250102_task3.csproj", "{773FFAB2-59B4-4EE3-B247-608F19AC7A80}"
EndProject
Project("{FAE04EC0-301F-11D3-BF4B-00C04F79EFBC}") = "20250102_task4", "20250102_task4\20250102_task4.csproj", "{328B6101-CB4A-478D-8D57-99645EDA8CD9}"
EndProject
Project("{FAE04EC0-301F-11D3-BF4B-00C04F79EFBC}") = "20250102_task5", "20250102_task5\20250102_task5.csproj", "{97A501B7-D6F7-4862-ACC7-DE298095039C}"
EndProject
Project("{FAE04EC0-301F-11D3-BF4B-00C04F79EFBC}") = "20250102_task6", "20250102_task6\20250102_task6.csproj", "{B3E86336-8324-42BF-963D-A5C944EBE410}"
EndProject
Project("{FAE04EC0-301F-11D3-BF4B-00C04F79EFBC}") = "20250102_task7", "20250102_task7\20250102_task7.csproj", "{3FFA4C1E-DFB0-4D81-874E-2936E210DD3D}"
EndProject
Project("{FAE04EC0-301F-11D3-BF4B-00C04F79EFBC}") = "20250107_task8", "20250107_task8\20250107_task8.csproj", "{66474B29-C034-4D66-B43D-8C0AC28AF69D}"
EndProject
Project("{FAE04EC0-301F-11D3-BF4B-00C04F79EFBC}") = "20250108_task9", "20250108_task9\20250108_task9.csproj", "{259E9A5F-C537-438F-8E2E-89982D6FEAD6}"
EndProject
Project("{FAE04EC0-301F-11D3-BF4B-00C04F79EFBC}") = "20250108_task10", "20250108_task10\20250108_task10.csproj", "{D918E295-5A92-4CD9-AFAE-4EBCB147E2A9}"
EndProject
Global
	GlobalSection(SolutionConfigurationPlatforms) = preSolution
		Debug|Any CPU = Debug|Any CPU
		Release|Any CPU = Release|Any CPU
	EndGlobalSection
	GlobalSection(ProjectConfigurationPlatforms) = postSolution
		{A4465F5C-A29B-443C-B366-EB3C34263A20}.Debug|Any CPU.ActiveCfg = Debug|Any CPU
		{A4465F5C-A29B-443C-B366-EB3C34263A20}.Debug|Any CPU.Build.0 = Debug|Any CPU
		{A4465F5C-A29B-443C-B366-EB3C34263A20}.Release|Any CPU.ActiveCfg = Release|Any CPU
		{A4465F5C-A29B-443C-B366-EB3C34263A20}.Release|Any CPU.Build.0 = Release|Any CPU
		{DDA9A7EA-23EC-4FB1-B7E1-316B1202260D}.Debug|Any CPU.ActiveCfg = Debug|Any CPU
		{DDA9A7EA-23EC-4FB1-B7E1-316B1202260D}.Debug|Any CPU.Build.0 = Debug|Any CPU
		{DDA9A7EA-23EC-4FB1-B7E1-316B1202260D}.Release|Any CPU.ActiveCfg = Release|Any CPU
		{DDA9A7EA-23EC-4FB1-B7E1-316B1202260D}.Release|Any CPU.Build.0 = Release|Any CPU
		{773FFAB2-59B4-4EE3-B247-608F19AC7A80}.Debug|Any CPU.ActiveCfg = Debug|Any CPU
		{773FFAB2-59B4-4EE3-B247-608F19AC7A80}.Debug|Any CPU.Build.0 = Debug|Any CPU
		{773FFAB2-59B4-4EE3-B247-608F19AC7A80}.Release|Any CPU.ActiveCfg = Release|Any CPU
		{773FFAB2-59B4-4EE3-B247-608F19AC7A80}.Release|Any CPU.Build.0 = Release|Any CPU
		{328B6101-CB4A-478D-8D57-99645EDA8CD9}.Debug|Any CPU.ActiveCfg = Debug|Any CPU
		{328B6101-CB4A-478D-8D57-99645EDA8CD9}.Debug|Any CPU.Build.0 = Debug|Any CPU
		{328B6101-CB4A-478D-8D57-99645EDA8CD9}.Release|Any CPU.ActiveCfg = Release|Any CPU
		{328B6101-CB4A-478D-8D57-99645EDA8CD9}.Release|Any CPU.Build.0 = Release|Any CPU
		{97A501B7-D6F7-4862-ACC7-DE298095039C}.Debug|Any CPU.ActiveCfg = Debug|Any CPU
		{97A501B7-D6F7-4862-ACC7-DE298095039C}.Debug|Any CPU.Build.0 = Debug|Any CPU
		{97A501B7-D6F7-4862-ACC7-DE298095039C}.Release|Any CPU.ActiveCfg = Release|Any CPU
		{97A501B7-D6F7-4862-ACC7-DE298095039C}.Release|Any CPU.Build.0 = Release|Any CPU
		{B3E86336-8324-42BF-963D-A5C944EBE410}.Debug|Any CPU.ActiveCfg = Debug|Any CPU
		{B3E86336-8324-42BF-963D-A5C944EBE410}.Debug|Any CPU.Build.0 = Debug|Any CPU
		{B3E86336-8324-42BF-963D-A5C944EBE410}.Release|Any CPU.ActiveCfg = Release|Any CPU
		{B3E86336-8324-42BF-963D-A5C944EBE410}.Release|Any CPU.Build.0 = Release|Any CPU
		{3FFA4C1E-DFB0-4D81-874E-2936E210DD3D}.Debug|Any CPU.ActiveCfg = Debug|Any CPU
		{3FFA4C1E-DFB0-4D81-874E-2936E210DD3D}.Debug|Any CPU.Build.0 = Debug|Any CPU
		{3FFA4C1E-DFB0-4D81-874E-2936E210DD3D}.Release|Any CPU.ActiveCfg = Release|Any CPU
		{3FFA4C1E-DFB0-4D81-874E-2936E210DD3D}.Release|Any CPU.Build.0 = Release|Any CPU
		{66474B29-C034-4D66-B43D-8C0AC28AF69D}.Debug|Any CPU.ActiveCfg = Debug|Any CPU
		{66474B29-C034-4D66-B43D-8C0AC28AF69D}.Debug|Any CPU.Build.0 = Debug|Any CPU
		{66474B29-C034-4D66-B43D-8C0AC28AF69D}.Release|Any CPU.ActiveCfg = Release|Any CPU
		{66474B29-C034-4D66-B43D-8C0AC28AF69D}.Release|Any CPU.Build.0 = Release|Any CPU
		{259E9A5F-C537-438F-8E2E-89982D6FEAD6}.Debug|Any CPU.ActiveCfg = Debug|Any CPU
		{259E9A5F-C537-438F-8E2E-89982D6FEAD6}.Debug|Any CPU.Build.0 = Debug|Any CPU
		{259E9A5F-C537-438F-8E2E-89982D6FEAD6}.Release|Any CPU.ActiveCfg = Release|Any CPU
		{259E9A5F-C537-438F-8E2E-89982D6FEAD6}.Release|Any CPU.Build.0 = Release|Any CPU
		{D918E295-5A92-4CD9-AFAE-4EBCB147E2A9}.Debug|Any CPU.ActiveCfg = Debug|Any CPU
		{D918E295-5A92-4CD9-AFAE-4EBCB147E2A9}.Debug|Any CPU.Build.0 = Debug|Any CPU
		{D918E295-5A92-4CD9-AFAE-4EBCB147E2A9}.Release|Any CPU.ActiveCfg = Release|Any CPU
		{D918E295-5A92-4CD9-AFAE-4EBCB147E2A9}.Release|Any CPU.Build.0 = Release|Any CPU
	EndGlobalSection
	GlobalSection(SolutionProperties) = preSolution
		HideSolutionNode = FALSE
	EndGlobalSection
EndGlobal
